
Microsoft Visual Studio Solution File, Format Version 12.00
# Visual Studio Version 17
VisualStudioVersion = 17.2.32616.157
MinimumVisualStudioVersion = 10.0.40219.1
Project("{2150E333-8FDC-42A3-9474-1A3956D46DE8}") = "Configuration", "Configuration", "{86FCAAD7-82AE-4268-BCF7-C5A43BD70F44}"
EndProject
Project("{9A19103F-16F7-4668-BE54-9A1E7A4F7556}") = "OMS.Extensions.Configuration.Vault", "src\OMS.Extensions.Configuration.Vault\OMS.Extensions.Configuration.Vault.csproj", "{2546C2BF-63F4-4AF3-B187-4466F5EC0697}"
EndProject
Project("{9A19103F-16F7-4668-BE54-9A1E7A4F7556}") = "OMS.DataAccess.Shared", "src\OMS.DataAccess.Shared\OMS.DataAccess.Shared.csproj", "{0418214E-FCF0-4AFF-A747-79BF5E0B049D}"
EndProject
Project("{2150E333-8FDC-42A3-9474-1A3956D46DE8}") = "Data Access", "Data Access", "{F2094D59-2E87-465D-AE3A-C779C433CF69}"
EndProject
Global
	GlobalSection(SolutionConfigurationPlatforms) = preSolution
		Debug|Any CPU = Debug|Any CPU
		Release|Any CPU = Release|Any CPU
	EndGlobalSection
	GlobalSection(ProjectConfigurationPlatforms) = postSolution
		{2546C2BF-63F4-4AF3-B187-4466F5EC0697}.Debug|Any CPU.ActiveCfg = Debug|Any CPU
		{2546C2BF-63F4-4AF3-B187-4466F5EC0697}.Debug|Any CPU.Build.0 = Debug|Any CPU
		{2546C2BF-63F4-4AF3-B187-4466F5EC0697}.Release|Any CPU.ActiveCfg = Release|Any CPU
		{2546C2BF-63F4-4AF3-B187-4466F5EC0697}.Release|Any CPU.Build.0 = Release|Any CPU
		{0418214E-FCF0-4AFF-A747-79BF5E0B049D}.Debug|Any CPU.ActiveCfg = Debug|Any CPU
		{0418214E-FCF0-4AFF-A747-79BF5E0B049D}.Debug|Any CPU.Build.0 = Debug|Any CPU
		{0418214E-FCF0-4AFF-A747-79BF5E0B049D}.Release|Any CPU.ActiveCfg = Release|Any CPU
		{0418214E-FCF0-4AFF-A747-79BF5E0B049D}.Release|Any CPU.Build.0 = Release|Any CPU
	EndGlobalSection
	GlobalSection(SolutionProperties) = preSolution
		HideSolutionNode = FALSE
	EndGlobalSection
	GlobalSection(NestedProjects) = preSolution
		{2546C2BF-63F4-4AF3-B187-4466F5EC0697} = {86FCAAD7-82AE-4268-BCF7-C5A43BD70F44}
		{0418214E-FCF0-4AFF-A747-79BF5E0B049D} = {F2094D59-2E87-465D-AE3A-C779C433CF69}
	EndGlobalSection
	GlobalSection(ExtensibilityGlobals) = postSolution
		SolutionGuid = {846B8B65-1F15-4E40-894E-F0DBFAAEAF9A}
	EndGlobalSection
EndGlobal
